
Microsoft Visual Studio Solution File, Format Version 12.00
# Visual Studio 14
VisualStudioVersion = 14.0.25420.1
MinimumVisualStudioVersion = 10.0.40219.1
Project("{FAE04EC0-301F-11D3-BF4B-00C04F79EFBC}") = "AssembliesAndNamespaces", "AssembliesAndNamespaces\AssembliesAndNamespaces.csproj", "{6278DBDB-44B5-463E-9555-859D028EB98E}"
EndProject
Global
	GlobalSection(SolutionConfigurationPlatforms) = preSolution
		Debug|Any CPU = Debug|Any CPU
		Release|Any CPU = Release|Any CPU
	EndGlobalSection
	GlobalSection(ProjectConfigurationPlatforms) = postSolution
		{6278DBDB-44B5-463E-9555-859D028EB98E}.Debug|Any CPU.ActiveCfg = Debug|Any CPU
		{6278DBDB-44B5-463E-9555-859D028EB98E}.Debug|Any CPU.Build.0 = Debug|Any CPU
		{6278DBDB-44B5-463E-9555-859D028EB98E}.Release|Any CPU.ActiveCfg = Release|Any CPU
		{6278DBDB-44B5-463E-9555-859D028EB98E}.Release|Any CPU.Build.0 = Release|Any CPU
	EndGlobalSection
	GlobalSection(SolutionProperties) = preSolution
		HideSolutionNode = FALSE
	EndGlobalSection
EndGlobal
